Microsoft Visual Studio Solution File, Format Version 12.00
# Visual Studio 2013
VisualStudioVersion = 12.0.31101.0
MinimumVisualStudioVersion = 10.0.40219.1
Project("{2150E333-8FDC-42A3-9474-1A3956D46DE8}") = ".paket", ".paket", "{0B883240-C311-4AA9-92EF-0E3C471B0077}"
	ProjectSection(SolutionItems) = preProject
		paket.dependencies = paket.dependencies
		paket.lock = paket.lock
	EndProjectSection
EndProject
Project("{2150E333-8FDC-42A3-9474-1A3956D46DE8}") = "Solution Items", "Solution Items", "{3162219D-7729-49C4-849A-9CCD889798DB}"
	ProjectSection(SolutionItems) = preProject
		build.fsx = build.fsx
		Contributors.txt = Contributors.txt
		FsCheck Release Notes.md = FsCheck Release Notes.md
		docs\tools\generate.fsx = docs\tools\generate.fsx
		docs\tools\generate.ja.fsx = docs\tools\generate.ja.fsx
		License.txt = License.txt
	EndProjectSection
EndProject
Project("{2150E333-8FDC-42A3-9474-1A3956D46DE8}") = "Examples", "Examples", "{DA5DD4BB-1953-4614-A5E0-9687C63A7234}"
EndProject
Project("{F2A71F9B-5D33-465A-A702-920D77279786}") = "FsCheck.Examples", "examples\FsCheck.Examples\FsCheck.Examples.fsproj", "{7662113E-E531-4223-99C4-62EFCDDD77FF}"
EndProject
Project("{FAE04EC0-301F-11D3-BF4B-00C04F79EFBC}") = "FsCheck.CSharpExamples", "examples\FsCheck.CSharpExamples\FsCheck.CSharpExamples.csproj", "{50CD1015-5417-4EC0-B63D-F7E54B75D3AB}"
EndProject
Project("{F2A71F9B-5D33-465A-A702-920D77279786}") = "FsCheck.NUnit.Examples", "examples\FsCheck.NUnit.Examples\FsCheck.NUnit.Examples.fsproj", "{D87946C4-4607-49A0-B2C6-DEDBBBAE1D5A}"
EndProject
Project("{FAE04EC0-301F-11D3-BF4B-00C04F79EFBC}") = "FsCheck.NUnit.CSharpExamples", "examples\FsCheck.NUnit.CSharpExamples\FsCheck.NUnit.CSharpExamples.csproj", "{FC5EACAD-41E5-4D6D-8F31-6FB51D0A0DEF}"
EndProject
Project("{FAE04EC0-301F-11D3-BF4B-00C04F79EFBC}") = "FsCheck.MsTest.Examples", "examples\FsCheck.MsTest.Examples\FsCheck.MsTest.Examples.csproj", "{CB41BAC5-272F-4562-9494-E3DC1D0B4139}"
EndProject
Project("{F2A71F9B-5D33-465A-A702-920D77279786}") = "FsCheck", "src\FsCheck\FsCheck.fsproj", "{32AA3276-BBA1-41CE-B78A-706B8454EC8D}"
EndProject
Project("{F2A71F9B-5D33-465A-A702-920D77279786}") = "FsCheck.Xunit", "src\FsCheck.Xunit\FsCheck.Xunit.fsproj", "{26A87ED0-9836-45F6-A88E-603DA8FCD856}"
EndProject
Project("{F2A71F9B-5D33-465A-A702-920D77279786}") = "FsCheck.Test", "tests\FsCheck.Test\FsCheck.Test.fsproj", "{EB8B96DF-C654-410D-B590-FDBE3BC235FE}"
EndProject
Project("{F2A71F9B-5D33-465A-A702-920D77279786}") = "FsCheck.NUnit", "src\FsCheck.NUnit\FsCheck.NUnit.fsproj", "{6B1B9FF5-8E6D-4461-9D77-CD1619403684}"
EndProject
Project("{2150E333-8FDC-42A3-9474-1A3956D46DE8}") = "Docs", "Docs", "{6B36173B-D4E0-4CF4-840D-3F3016653F85}"
	ProjectSection(SolutionItems) = preProject
		Docs\content\index.fsx = Docs\content\index.fsx
		docs\content\LearningResources.md = docs\content\LearningResources.md
		Docs\content\Properties.fsx = Docs\content\Properties.fsx
		Docs\content\QuickStart.fsx = Docs\content\QuickStart.fsx
		Docs\content\RunningTests.fsx = Docs\content\RunningTests.fsx
		Docs\content\StatefulTesting.fsx = Docs\content\StatefulTesting.fsx
		docs\tools\templates\template.cshtml = docs\tools\templates\template.cshtml
		Docs\content\TestData.fsx = Docs\content\TestData.fsx
		Docs\content\TipsAndTricks.fsx = Docs\content\TipsAndTricks.fsx
		docs\content\users.md = docs\content\users.md
	EndProjectSection
EndProject
Project("{2150E333-8FDC-42A3-9474-1A3956D46DE8}") = "ja", "ja", "{34021B41-3EED-409A-AF7C-6EC2BD4371B2}"
	ProjectSection(SolutionItems) = preProject
		docs\content\ja\index.fsx = docs\content\ja\index.fsx
		docs\content\ja\Properties.fsx = docs\content\ja\Properties.fsx
		docs\content\ja\QuickStart.fsx = docs\content\ja\QuickStart.fsx
		docs\content\ja\RunningTests.fsx = docs\content\ja\RunningTests.fsx
		docs\content\ja\StatefulTesting.fsx = docs\content\ja\StatefulTesting.fsx
		docs\content\ja\TestData.fsx = docs\content\ja\TestData.fsx
		docs\content\ja\TipsAndTricks.fsx = docs\content\ja\TipsAndTricks.fsx
	EndProjectSection
EndProject
Project("{FAE04EC0-301F-11D3-BF4B-00C04F79EFBC}") = "FsCheck.XUnit.CSharpExamples", "examples\FsCheck.XUnit.CSharpExamples\FsCheck.XUnit.CSharpExamples.csproj", "{F24A8502-B118-4BF2-B5F9-CC9DB9A40C23}"
EndProject
Project("{FAE04EC0-301F-11D3-BF4B-00C04F79EFBC}") = "CSharp.DocSnippets", "docs\csharp\CSharp.DocSnippets.csproj", "{6AB84678-E55F-4387-A040-67312735D089}"
EndProject
Project("{2150E333-8FDC-42A3-9474-1A3956D46DE8}") = "PCL", "PCL", "{08B3CD84-5D0A-45AF-80A7-3998117F983C}"
EndProject
Project("{F2A71F9B-5D33-465A-A702-920D77279786}") = "FsCheck.Portable.Profile7", "src\FsCheck.Portable.Profile7\FsCheck.Portable.Profile7.fsproj", "{474F0377-247A-444D-8EF7-AD6C786A6526}"
EndProject
Project("{F2A71F9B-5D33-465A-A702-920D77279786}") = "FsCheck.Portable.Profile78", "src\FsCheck.Portable.Profile78\FsCheck.Portable.Profile78.fsproj", "{2F39D1FB-7C12-49D3-BAAD-E20DB9F31A73}"
EndProject
Project("{F2A71F9B-5D33-465A-A702-920D77279786}") = "FsCheck.Portable.Profile259", "src\FsCheck.Portable.Profile259\FsCheck.Portable.Profile259.fsproj", "{20F79E8F-C87D-4E6C-AD6C-B16518519292}"
EndProject
Project("{2150E333-8FDC-42A3-9474-1A3956D46DE8}") = "nuspec", "nuspec", "{D3B5178B-D178-4011-B576-7B8D8ECD0A94}"
	ProjectSection(SolutionItems) = preProject
		nuget\FsCheck.NUnit.nuspec = nuget\FsCheck.NUnit.nuspec
		nuget\FsCheck.nuspec = nuget\FsCheck.nuspec
		nuget\FsCheck.Xunit.nuspec = nuget\FsCheck.Xunit.nuspec
	EndProjectSection
EndProject
Global
	GlobalSection(SolutionConfigurationPlatforms) = preSolution
		Debug|Any CPU = Debug|Any CPU
		Release|Any CPU = Release|Any CPU
	EndGlobalSection
	GlobalSection(ProjectConfigurationPlatforms) = postSolution
		{7662113E-E531-4223-99C4-62EFCDDD77FF}.Debug|Any CPU.ActiveCfg = Debug|Any CPU
		{7662113E-E531-4223-99C4-62EFCDDD77FF}.Debug|Any CPU.Build.0 = Debug|Any CPU
		{7662113E-E531-4223-99C4-62EFCDDD77FF}.Release|Any CPU.ActiveCfg = Release|Any CPU
		{7662113E-E531-4223-99C4-62EFCDDD77FF}.Release|Any CPU.Build.0 = Release|Any CPU
		{50CD1015-5417-4EC0-B63D-F7E54B75D3AB}.Debug|Any CPU.ActiveCfg = Debug|Any CPU
		{50CD1015-5417-4EC0-B63D-F7E54B75D3AB}.Debug|Any CPU.Build.0 = Debug|Any CPU
		{50CD1015-5417-4EC0-B63D-F7E54B75D3AB}.Release|Any CPU.ActiveCfg = Release|Any CPU
		{50CD1015-5417-4EC0-B63D-F7E54B75D3AB}.Release|Any CPU.Build.0 = Release|Any CPU
		{D87946C4-4607-49A0-B2C6-DEDBBBAE1D5A}.Debug|Any CPU.ActiveCfg = Debug|Any CPU
		{D87946C4-4607-49A0-B2C6-DEDBBBAE1D5A}.Debug|Any CPU.Build.0 = Debug|Any CPU
		{D87946C4-4607-49A0-B2C6-DEDBBBAE1D5A}.Release|Any CPU.ActiveCfg = Release|Any CPU
		{D87946C4-4607-49A0-B2C6-DEDBBBAE1D5A}.Release|Any CPU.Build.0 = Release|Any CPU
		{FC5EACAD-41E5-4D6D-8F31-6FB51D0A0DEF}.Debug|Any CPU.ActiveCfg = Debug|Any CPU
		{FC5EACAD-41E5-4D6D-8F31-6FB51D0A0DEF}.Debug|Any CPU.Build.0 = Debug|Any CPU
		{FC5EACAD-41E5-4D6D-8F31-6FB51D0A0DEF}.Release|Any CPU.ActiveCfg = Release|Any CPU
		{FC5EACAD-41E5-4D6D-8F31-6FB51D0A0DEF}.Release|Any CPU.Build.0 = Release|Any CPU
		{CB41BAC5-272F-4562-9494-E3DC1D0B4139}.Debug|Any CPU.ActiveCfg = Debug|Any CPU
		{CB41BAC5-272F-4562-9494-E3DC1D0B4139}.Debug|Any CPU.Build.0 = Debug|Any CPU
		{CB41BAC5-272F-4562-9494-E3DC1D0B4139}.Release|Any CPU.ActiveCfg = Release|Any CPU
		{CB41BAC5-272F-4562-9494-E3DC1D0B4139}.Release|Any CPU.Build.0 = Release|Any CPU
		{32AA3276-BBA1-41CE-B78A-706B8454EC8D}.Debug|Any CPU.ActiveCfg = Debug|Any CPU
		{32AA3276-BBA1-41CE-B78A-706B8454EC8D}.Debug|Any CPU.Build.0 = Debug|Any CPU
		{32AA3276-BBA1-41CE-B78A-706B8454EC8D}.Release|Any CPU.ActiveCfg = Release|Any CPU
		{32AA3276-BBA1-41CE-B78A-706B8454EC8D}.Release|Any CPU.Build.0 = Release|Any CPU
		{26A87ED0-9836-45F6-A88E-603DA8FCD856}.Debug|Any CPU.ActiveCfg = Debug|Any CPU
		{26A87ED0-9836-45F6-A88E-603DA8FCD856}.Debug|Any CPU.Build.0 = Debug|Any CPU
		{26A87ED0-9836-45F6-A88E-603DA8FCD856}.Release|Any CPU.ActiveCfg = Release|Any CPU
		{26A87ED0-9836-45F6-A88E-603DA8FCD856}.Release|Any CPU.Build.0 = Release|Any CPU
		{EB8B96DF-C654-410D-B590-FDBE3BC235FE}.Debug|Any CPU.ActiveCfg = Debug|Any CPU
		{EB8B96DF-C654-410D-B590-FDBE3BC235FE}.Debug|Any CPU.Build.0 = Debug|Any CPU
		{EB8B96DF-C654-410D-B590-FDBE3BC235FE}.Release|Any CPU.ActiveCfg = Release|Any CPU
		{EB8B96DF-C654-410D-B590-FDBE3BC235FE}.Release|Any CPU.Build.0 = Release|Any CPU
		{6B1B9FF5-8E6D-4461-9D77-CD1619403684}.Debug|Any CPU.ActiveCfg = Debug|Any CPU
		{6B1B9FF5-8E6D-4461-9D77-CD1619403684}.Debug|Any CPU.Build.0 = Debug|Any CPU
		{6B1B9FF5-8E6D-4461-9D77-CD1619403684}.Release|Any CPU.ActiveCfg = Release|Any CPU
		{6B1B9FF5-8E6D-4461-9D77-CD1619403684}.Release|Any CPU.Build.0 = Release|Any CPU
		{F24A8502-B118-4BF2-B5F9-CC9DB9A40C23}.Debug|Any CPU.ActiveCfg = Debug|Any CPU
		{F24A8502-B118-4BF2-B5F9-CC9DB9A40C23}.Debug|Any CPU.Build.0 = Debug|Any CPU
		{F24A8502-B118-4BF2-B5F9-CC9DB9A40C23}.Release|Any CPU.ActiveCfg = Release|Any CPU
		{F24A8502-B118-4BF2-B5F9-CC9DB9A40C23}.Release|Any CPU.Build.0 = Release|Any CPU
		{6AB84678-E55F-4387-A040-67312735D089}.Debug|Any CPU.ActiveCfg = Debug|Any CPU
		{6AB84678-E55F-4387-A040-67312735D089}.Debug|Any CPU.Build.0 = Debug|Any CPU
		{6AB84678-E55F-4387-A040-67312735D089}.Release|Any CPU.ActiveCfg = Release|Any CPU
		{6AB84678-E55F-4387-A040-67312735D089}.Release|Any CPU.Build.0 = Release|Any CPU
		{474F0377-247A-444D-8EF7-AD6C786A6526}.Debug|Any CPU.ActiveCfg = Debug|Any CPU
		{474F0377-247A-444D-8EF7-AD6C786A6526}.Debug|Any CPU.Build.0 = Debug|Any CPU
		{474F0377-247A-444D-8EF7-AD6C786A6526}.Release|Any CPU.ActiveCfg = Release|Any CPU
		{474F0377-247A-444D-8EF7-AD6C786A6526}.Release|Any CPU.Build.0 = Release|Any CPU
		{2F39D1FB-7C12-49D3-BAAD-E20DB9F31A73}.Debug|Any CPU.ActiveCfg = Debug|Any CPU
		{2F39D1FB-7C12-49D3-BAAD-E20DB9F31A73}.Debug|Any CPU.Build.0 = Debug|Any CPU
		{2F39D1FB-7C12-49D3-BAAD-E20DB9F31A73}.Release|Any CPU.ActiveCfg = Release|Any CPU
		{2F39D1FB-7C12-49D3-BAAD-E20DB9F31A73}.Release|Any CPU.Build.0 = Release|Any CPU
		{20F79E8F-C87D-4E6C-AD6C-B16518519292}.Debug|Any CPU.ActiveCfg = Debug|Any CPU
		{20F79E8F-C87D-4E6C-AD6C-B16518519292}.Debug|Any CPU.Build.0 = Debug|Any CPU
		{20F79E8F-C87D-4E6C-AD6C-B16518519292}.Release|Any CPU.ActiveCfg = Release|Any CPU
		{20F79E8F-C87D-4E6C-AD6C-B16518519292}.Release|Any CPU.Build.0 = Release|Any CPU
	EndGlobalSection
	GlobalSection(SolutionProperties) = preSolution
		HideSolutionNode = FALSE
	EndGlobalSection
	GlobalSection(NestedProjects) = preSolution
		{7662113E-E531-4223-99C4-62EFCDDD77FF} = {DA5DD4BB-1953-4614-A5E0-9687C63A7234}
		{50CD1015-5417-4EC0-B63D-F7E54B75D3AB} = {DA5DD4BB-1953-4614-A5E0-9687C63A7234}
		{D87946C4-4607-49A0-B2C6-DEDBBBAE1D5A} = {DA5DD4BB-1953-4614-A5E0-9687C63A7234}
		{FC5EACAD-41E5-4D6D-8F31-6FB51D0A0DEF} = {DA5DD4BB-1953-4614-A5E0-9687C63A7234}
		{CB41BAC5-272F-4562-9494-E3DC1D0B4139} = {DA5DD4BB-1953-4614-A5E0-9687C63A7234}
		{34021B41-3EED-409A-AF7C-6EC2BD4371B2} = {6B36173B-D4E0-4CF4-840D-3F3016653F85}
		{F24A8502-B118-4BF2-B5F9-CC9DB9A40C23} = {DA5DD4BB-1953-4614-A5E0-9687C63A7234}
		{6AB84678-E55F-4387-A040-67312735D089} = {6B36173B-D4E0-4CF4-840D-3F3016653F85}
		{474F0377-247A-444D-8EF7-AD6C786A6526} = {08B3CD84-5D0A-45AF-80A7-3998117F983C}
		{2F39D1FB-7C12-49D3-BAAD-E20DB9F31A73} = {08B3CD84-5D0A-45AF-80A7-3998117F983C}
		{20F79E8F-C87D-4E6C-AD6C-B16518519292} = {08B3CD84-5D0A-45AF-80A7-3998117F983C}
		{D3B5178B-D178-4011-B576-7B8D8ECD0A94} = {3162219D-7729-49C4-849A-9CCD889798DB}
	EndGlobalSection
	GlobalSection(MonoDevelopProperties) = preSolution
		StartupItem = examples\FsCheck.Examples\FsCheck.Examples.fsproj
	EndGlobalSection
EndGlobal
