
Microsoft Visual Studio Solution File, Format Version 10.00
# Visual Studio 2008
Project("{F2A71F9B-5D33-465A-A702-920D77279786}") = "FsCheck", "FsCheck\FsCheck.fsproj", "{32AA3276-BBA1-41CE-B78A-706B8454EC8D}"
EndProject
Project("{F2A71F9B-5D33-465A-A702-920D77279786}") = "FsCheck.Examples", "FsCheck.Examples\FsCheck.Examples.fsproj", "{7662113E-E531-4223-99C4-62EFCDDD77FF}"
EndProject
Project("{2150E333-8FDC-42A3-9474-1A3956D46DE8}") = "Solution Items", "Solution Items", "{3162219D-7729-49C4-849A-9CCD889798DB}"
	ProjectSection(SolutionItems) = preProject
		License.txt = License.txt
		Makefile = Makefile
	EndProjectSection
EndProject
Project("{F2A71F9B-5D33-465A-A702-920D77279786}") = "FsCheck.Checker", "FsCheck.Checker\FsCheck.Checker.fsproj", "{5199B1A0-9F3D-4B19-A857-2D49257CC643}"
EndProject
Global
	GlobalSection(SolutionConfigurationPlatforms) = preSolution
		Debug|Any CPU = Debug|Any CPU
		Release|Any CPU = Release|Any CPU
	EndGlobalSection
	GlobalSection(ProjectConfigurationPlatforms) = postSolution
		{32AA3276-BBA1-41CE-B78A-706B8454EC8D}.Debug|Any CPU.ActiveCfg = Debug|Any CPU
		{32AA3276-BBA1-41CE-B78A-706B8454EC8D}.Debug|Any CPU.Build.0 = Debug|Any CPU
		{32AA3276-BBA1-41CE-B78A-706B8454EC8D}.Release|Any CPU.ActiveCfg = Release|Any CPU
		{32AA3276-BBA1-41CE-B78A-706B8454EC8D}.Release|Any CPU.Build.0 = Release|Any CPU
		{7662113E-E531-4223-99C4-62EFCDDD77FF}.Debug|Any CPU.ActiveCfg = Debug|Any CPU
		{7662113E-E531-4223-99C4-62EFCDDD77FF}.Debug|Any CPU.Build.0 = Debug|Any CPU
		{7662113E-E531-4223-99C4-62EFCDDD77FF}.Release|Any CPU.ActiveCfg = Release|Any CPU
		{7662113E-E531-4223-99C4-62EFCDDD77FF}.Release|Any CPU.Build.0 = Release|Any CPU
		{5199B1A0-9F3D-4B19-A857-2D49257CC643}.Debug|Any CPU.ActiveCfg = Debug|Any CPU
		{5199B1A0-9F3D-4B19-A857-2D49257CC643}.Debug|Any CPU.Build.0 = Debug|Any CPU
		{5199B1A0-9F3D-4B19-A857-2D49257CC643}.Release|Any CPU.ActiveCfg = Release|Any CPU
		{5199B1A0-9F3D-4B19-A857-2D49257CC643}.Release|Any CPU.Build.0 = Release|Any CPU
	EndGlobalSection
	GlobalSection(SolutionProperties) = preSolution
		HideSolutionNode = FALSE
	EndGlobalSection
	GlobalSection(SubversionScc) = preSolution
		Svn-Managed = True
		Manager = AnkhSVN - Subversion Support for Visual Studio
	EndGlobalSection
EndGlobal
